// !$*UTF8*$!
{
	archiveVersion = 1;
	classes = {
	};
	objectVersion = 56;
	objects = {

/* Begin PBXBuildFile section */
		5B48097129F9C04900DAA6DA /* LoginScreenStoryboard.storyboard in Resources */ = {isa = PBXBuildFile; fileRef = 5B48097329F9C04900DAA6DA /* LoginScreenStoryboard.storyboard */; };
		5B63D75529F9B8F700715679 /* LoginScreenViewController.swift in Sources */ = {isa = PBXBuildFile; fileRef = 5B63D75429F9B8F700715679 /* LoginScreenViewController.swift */; };
		F34A7FF529F927B000AB3D44 /* AppDelegate.swift in Sources */ = {isa = PBXBuildFile; fileRef = F34A7FF429F927B000AB3D44 /* AppDelegate.swift */; };
		F34A7FF729F927B000AB3D44 /* SceneDelegate.swift in Sources */ = {isa = PBXBuildFile; fileRef = F34A7FF629F927B000AB3D44 /* SceneDelegate.swift */; };
		F34A7FF929F927B000AB3D44 /* ViewController.swift in Sources */ = {isa = PBXBuildFile; fileRef = F34A7FF829F927B000AB3D44 /* ViewController.swift */; };
		F34A7FFC29F927B000AB3D44 /* Main.storyboard in Resources */ = {isa = PBXBuildFile; fileRef = F34A7FFA29F927B000AB3D44 /* Main.storyboard */; };
		F34A7FFE29F927B200AB3D44 /* Assets.xcassets in Resources */ = {isa = PBXBuildFile; fileRef = F34A7FFD29F927B200AB3D44 /* Assets.xcassets */; };
		F34A800129F927B200AB3D44 /* LaunchScreen.storyboard in Resources */ = {isa = PBXBuildFile; fileRef = F34A7FFF29F927B200AB3D44 /* LaunchScreen.storyboard */; };
/* End PBXBuildFile section */

/* Begin PBXFileReference section */
		5B48097229F9C04900DAA6DA /* Base */ = {isa = PBXFileReference; lastKnownFileType = file.storyboard; name = Base; path = Base.lproj/LoginScreenStoryboard.storyboard; sourceTree = "<group>"; };
		5B63D75429F9B8F700715679 /* LoginScreenViewController.swift */ = {isa = PBXFileReference; lastKnownFileType = sourcecode.swift; path = LoginScreenViewController.swift; sourceTree = "<group>"; };
		F34A7FF129F927B000AB3D44 /* SwiftBookCafe.app */ = {isa = PBXFileReference; explicitFileType = wrapper.application; includeInIndex = 0; path = SwiftBookCafe.app; sourceTree = BUILT_PRODUCTS_DIR; };
		F34A7FF429F927B000AB3D44 /* AppDelegate.swift */ = {isa = PBXFileReference; lastKnownFileType = sourcecode.swift; path = AppDelegate.swift; sourceTree = "<group>"; };
		F34A7FF629F927B000AB3D44 /* SceneDelegate.swift */ = {isa = PBXFileReference; lastKnownFileType = sourcecode.swift; path = SceneDelegate.swift; sourceTree = "<group>"; };
		F34A7FF829F927B000AB3D44 /* ViewController.swift */ = {isa = PBXFileReference; lastKnownFileType = sourcecode.swift; path = ViewController.swift; sourceTree = "<group>"; };
		F34A7FFB29F927B000AB3D44 /* Base */ = {isa = PBXFileReference; lastKnownFileType = file.storyboard; name = Base; path = Base.lproj/Main.storyboard; sourceTree = "<group>"; };
		F34A7FFD29F927B200AB3D44 /* Assets.xcassets */ = {isa = PBXFileReference; lastKnownFileType = folder.assetcatalog; path = Assets.xcassets; sourceTree = "<group>"; };
		F34A800029F927B200AB3D44 /* Base */ = {isa = PBXFileReference; lastKnownFileType = file.storyboard; name = Base; path = Base.lproj/LaunchScreen.storyboard; sourceTree = "<group>"; };
		F34A800229F927B200AB3D44 /* Info.plist */ = {isa = PBXFileReference; lastKnownFileType = text.plist.xml; path = Info.plist; sourceTree = "<group>"; };
/* End PBXFileReference section */

/* Begin PBXFrameworksBuildPhase section */
		F34A7FEE29F927B000AB3D44 /* Frameworks */ = {
			isa = PBXFrameworksBuildPhase;
			buildActionMask = 2147483647;
			files = (
			);
			runOnlyForDeploymentPostprocessing = 0;
		};
/* End PBXFrameworksBuildPhase section */

/* Begin PBXGroup section */
		F34A7FE829F927B000AB3D44 = {
			isa = PBXGroup;
			children = (
				F34A7FF329F927B000AB3D44 /* SwiftBookCafe */,
				F34A7FF229F927B000AB3D44 /* Products */,
			);
			sourceTree = "<group>";
		};
		F34A7FF229F927B000AB3D44 /* Products */ = {
			isa = PBXGroup;
			children = (
				F34A7FF129F927B000AB3D44 /* SwiftBookCafe.app */,
			);
			name = Products;
			sourceTree = "<group>";
		};
		F34A7FF329F927B000AB3D44 /* SwiftBookCafe */ = {
			isa = PBXGroup;
			children = (
				F34A7FF429F927B000AB3D44 /* AppDelegate.swift */,
				F34A7FF629F927B000AB3D44 /* SceneDelegate.swift */,
				F34A7FF829F927B000AB3D44 /* ViewController.swift */,
				5B63D75429F9B8F700715679 /* LoginScreenViewController.swift */,
				F34A7FFA29F927B000AB3D44 /* Main.storyboard */,
				5B48097329F9C04900DAA6DA /* LoginScreenStoryboard.storyboard */,
				F34A7FFD29F927B200AB3D44 /* Assets.xcassets */,
				F34A7FFF29F927B200AB3D44 /* LaunchScreen.storyboard */,
				F34A800229F927B200AB3D44 /* Info.plist */,
			);
			path = SwiftBookCafe;
			sourceTree = "<group>";
		};
/* End PBXGroup section */

/* Begin PBXNativeTarget section */
		F34A7FF029F927B000AB3D44 /* SwiftBookCafe */ = {
			isa = PBXNativeTarget;
			buildConfigurationList = F34A800529F927B200AB3D44 /* Build configuration list for PBXNativeTarget "SwiftBookCafe" */;
			buildPhases = (
				F34A7FED29F927B000AB3D44 /* Sources */,
				F34A7FEE29F927B000AB3D44 /* Frameworks */,
				F34A7FEF29F927B000AB3D44 /* Resources */,
			);
			buildRules = (
			);
			dependencies = (
			);
			name = SwiftBookCafe;
			productName = SwiftBookCafe;
			productReference = F34A7FF129F927B000AB3D44 /* SwiftBookCafe.app */;
			productType = "com.apple.product-type.application";
		};
/* End PBXNativeTarget section */

/* Begin PBXProject section */
		F34A7FE929F927B000AB3D44 /* Project object */ = {
			isa = PBXProject;
			attributes = {
				BuildIndependentTargetsInParallel = 1;
				LastSwiftUpdateCheck = 1430;
				LastUpgradeCheck = 1430;
				TargetAttributes = {
					F34A7FF029F927B000AB3D44 = {
						CreatedOnToolsVersion = 14.3;
					};
				};
			};
			buildConfigurationList = F34A7FEC29F927B000AB3D44 /* Build configuration list for PBXProject "SwiftBookCafe" */;
			compatibilityVersion = "Xcode 14.0";
			developmentRegion = en;
			hasScannedForEncodings = 0;
			knownRegions = (
				en,
				Base,
			);
			mainGroup = F34A7FE829F927B000AB3D44;
			productRefGroup = F34A7FF229F927B000AB3D44 /* Products */;
			projectDirPath = "";
			projectRoot = "";
			targets = (
				F34A7FF029F927B000AB3D44 /* SwiftBookCafe */,
			);
		};
/* End PBXProject section */

/* Begin PBXResourcesBuildPhase section */
		F34A7FEF29F927B000AB3D44 /* Resources */ = {
			isa = PBXResourcesBuildPhase;
			buildActionMask = 2147483647;
			files = (
				F34A800129F927B200AB3D44 /* LaunchScreen.storyboard in Resources */,
				F34A7FFE29F927B200AB3D44 /* Assets.xcassets in Resources */,
				5B48097129F9C04900DAA6DA /* LoginScreenStoryboard.storyboard in Resources */,
				F34A7FFC29F927B000AB3D44 /* Main.storyboard in Resources */,
			);
			runOnlyForDeploymentPostprocessing = 0;
		};
/* End PBXResourcesBuildPhase section */

/* Begin PBXSourcesBuildPhase section */
		F34A7FED29F927B000AB3D44 /* Sources */ = {
			isa = PBXSourcesBuildPhase;
			buildActionMask = 2147483647;
			files = (
				F34A7FF929F927B000AB3D44 /* ViewController.swift in Sources */,
				F34A7FF529F927B000AB3D44 /* AppDelegate.swift in Sources */,
				5B63D75529F9B8F700715679 /* LoginScreenViewController.swift in Sources */,
				F34A7FF729F927B000AB3D44 /* SceneDelegate.swift in Sources */,
			);
			runOnlyForDeploymentPostprocessing = 0;
		};
/* End PBXSourcesBuildPhase section */

/* Begin PBXVariantGroup section */
		5B48097329F9C04900DAA6DA /* LoginScreenStoryboard.storyboard */ = {
			isa = PBXVariantGroup;
			children = (
				5B48097229F9C04900DAA6DA /* Base */,
			);
			name = LoginScreenStoryboard.storyboard;
			sourceTree = "<group>";
		};
		F34A7FFA29F927B000AB3D44 /* Main.storyboard */ = {
			isa = PBXVariantGroup;
			children = (
				F34A7FFB29F927B000AB3D44 /* Base */,
			);
			name = Main.storyboard;
			sourceTree = "<group>";
		};
		F34A7FFF29F927B200AB3D44 /* LaunchScreen.storyboard */ = {
			isa = PBXVariantGroup;
			children = (
				F34A800029F927B200AB3D44 /* Base */,
			);
			name = LaunchScreen.storyboard;
			sourceTree = "<group>";
		};
/* End PBXVariantGroup section */

/* Begin XCBuildConfiguration section */
		F34A800329F927B200AB3D44 /* Debug */ = {
			isa = XCBuildConfiguration;
			buildSettings = {
				ALWAYS_SEARCH_USER_PATHS = NO;
				CLANG_ANALYZER_NONNULL = YES;
				CLANG_ANALYZER_NUMBER_OBJECT_CONVERSION = YES_AGGRESSIVE;
				CLANG_CXX_LANGUAGE_STANDARD = "gnu++20";
				CLANG_ENABLE_MODULES = YES;
				CLANG_ENABLE_OBJC_ARC = YES;
				CLANG_ENABLE_OBJC_WEAK = YES;
				CLANG_WARN_BLOCK_CAPTURE_AUTORELEASING = YES;
				CLANG_WARN_BOOL_CONVERSION = YES;
				CLANG_WARN_COMMA = YES;
				CLANG_WARN_CONSTANT_CONVERSION = YES;
				CLANG_WARN_DEPRECATED_OBJC_IMPLEMENTATIONS = YES;
				CLANG_WARN_DIRECT_OBJC_ISA_USAGE = YES_ERROR;
				CLANG_WARN_DOCUMENTATION_COMMENTS = YES;
				CLANG_WARN_EMPTY_BODY = YES;
				CLANG_WARN_ENUM_CONVERSION = YES;
				CLANG_WARN_INFINITE_RECURSION = YES;
				CLANG_WARN_INT_CONVERSION = YES;
				CLANG_WARN_NON_LITERAL_NULL_CONVERSION = YES;
				CLANG_WARN_OBJC_IMPLICIT_RETAIN_SELF = YES;
				CLANG_WARN_OBJC_LITERAL_CONVERSION = YES;
				CLANG_WARN_OBJC_ROOT_CLASS = YES_ERROR;
				CLANG_WARN_QUOTED_INCLUDE_IN_FRAMEWORK_HEADER = YES;
				CLANG_WARN_RANGE_LOOP_ANALYSIS = YES;
				CLANG_WARN_STRICT_PROTOTYPES = YES;
				CLANG_WARN_SUSPICIOUS_MOVE = YES;
				CLANG_WARN_UNGUARDED_AVAILABILITY = YES_AGGRESSIVE;
				CLANG_WARN_UNREACHABLE_CODE = YES;
				CLANG_WARN__DUPLICATE_METHOD_MATCH = YES;
				COPY_PHASE_STRIP = NO;
				DEBUG_INFORMATION_FORMAT = dwarf;
				ENABLE_STRICT_OBJC_MSGSEND = YES;
				ENABLE_TESTABILITY = YES;
				GCC_C_LANGUAGE_STANDARD = gnu11;
				GCC_DYNAMIC_NO_PIC = NO;
				GCC_NO_COMMON_BLOCKS = YES;
				GCC_OPTIMIZATION_LEVEL = 0;
				GCC_PREPROCESSOR_DEFINITIONS = (
					"DEBUG=1",
					"$(inherited)",
				);
				GCC_WARN_64_TO_32_BIT_CONVERSION = YES;
				GCC_WARN_ABOUT_RETURN_TYPE = YES_ERROR;
				GCC_WARN_UNDECLARED_SELECTOR = YES;
				GCC_WARN_UNINITIALIZED_AUTOS = YES_AGGRESSIVE;
				GCC_WARN_UNUSED_FUNCTION = YES;
				GCC_WARN_UNUSED_VARIABLE = YES;
				IPHONEOS_DEPLOYMENT_TARGET = 16.4;
				MTL_ENABLE_DEBUG_INFO = INCLUDE_SOURCE;
				MTL_FAST_MATH = YES;
				ONLY_ACTIVE_ARCH = YES;
				SDKROOT = iphoneos;
				SWIFT_ACTIVE_COMPILATION_CONDITIONS = DEBUG;
				SWIFT_OPTIMIZATION_LEVEL = "-Onone";
			};
			name = Debug;
		};
		F34A800429F927B200AB3D44 /* Release */ = {
			isa = XCBuildConfiguration;
			buildSettings = {
				ALWAYS_SEARCH_USER_PATHS = NO;
				CLANG_ANALYZER_NONNULL = YES;
				CLANG_ANALYZER_NUMBER_OBJECT_CONVERSION = YES_AGGRESSIVE;
				CLANG_CXX_LANGUAGE_STANDARD = "gnu++20";
				CLANG_ENABLE_MODULES = YES;
				CLANG_ENABLE_OBJC_ARC = YES;
				CLANG_ENABLE_OBJC_WEAK = YES;
				CLANG_WARN_BLOCK_CAPTURE_AUTORELEASING = YES;
				CLANG_WARN_BOOL_CONVERSION = YES;
				CLANG_WARN_COMMA = YES;
				CLANG_WARN_CONSTANT_CONVERSION = YES;
				CLANG_WARN_DEPRECATED_OBJC_IMPLEMENTATIONS = YES;
				CLANG_WARN_DIRECT_OBJC_ISA_USAGE = YES_ERROR;
				CLANG_WARN_DOCUMENTATION_COMMENTS = YES;
				CLANG_WARN_EMPTY_BODY = YES;
				CLANG_WARN_ENUM_CONVERSION = YES;
				CLANG_WARN_INFINITE_RECURSION = YES;
				CLANG_WARN_INT_CONVERSION = YES;
				CLANG_WARN_NON_LITERAL_NULL_CONVERSION = YES;
				CLANG_WARN_OBJC_IMPLICIT_RETAIN_SELF = YES;
				CLANG_WARN_OBJC_LITERAL_CONVERSION = YES;
				CLANG_WARN_OBJC_ROOT_CLASS = YES_ERROR;
				CLANG_WARN_QUOTED_INCLUDE_IN_FRAMEWORK_HEADER = YES;
				CLANG_WARN_RANGE_LOOP_ANALYSIS = YES;
				CLANG_WARN_STRICT_PROTOTYPES = YES;
				CLANG_WARN_SUSPICIOUS_MOVE = YES;
				CLANG_WARN_UNGUARDED_AVAILABILITY = YES_AGGRESSIVE;
				CLANG_WARN_UNREACHABLE_CODE = YES;
				CLANG_WARN__DUPLICATE_METHOD_MATCH = YES;
				COPY_PHASE_STRIP = NO;
				DEBUG_INFORMATION_FORMAT = "dwarf-with-dsym";
				ENABLE_NS_ASSERTIONS = NO;
				ENABLE_STRICT_OBJC_MSGSEND = YES;
				GCC_C_LANGUAGE_STANDARD = gnu11;
				GCC_NO_COMMON_BLOCKS = YES;
				GCC_WARN_64_TO_32_BIT_CONVERSION = YES;
				GCC_WARN_ABOUT_RETURN_TYPE = YES_ERROR;
				GCC_WARN_UNDECLARED_SELECTOR = YES;
				GCC_WARN_UNINITIALIZED_AUTOS = YES_AGGRESSIVE;
				GCC_WARN_UNUSED_FUNCTION = YES;
				GCC_WARN_UNUSED_VARIABLE = YES;
				IPHONEOS_DEPLOYMENT_TARGET = 16.4;
				MTL_ENABLE_DEBUG_INFO = NO;
				MTL_FAST_MATH = YES;
				SDKROOT = iphoneos;
				SWIFT_COMPILATION_MODE = wholemodule;
				SWIFT_OPTIMIZATION_LEVEL = "-O";
				VALIDATE_PRODUCT = YES;
			};
			name = Release;
		};
		F34A800629F927B200AB3D44 /* Debug */ = {
			isa = XCBuildConfiguration;
			buildSettings = {
				ASSETCATALOG_COMPILER_APPICON_NAME = AppIcon;
				ASSETCATALOG_COMPILER_GLOBAL_ACCENT_COLOR_NAME = AccentColor;
				CODE_SIGN_STYLE = Automatic;
				CURRENT_PROJECT_VERSION = 1;
				GENERATE_INFOPLIST_FILE = YES;
				INFOPLIST_FILE = SwiftBookCafe/Info.plist;
				INFOPLIST_KEY_UIApplicationSupportsIndirectInputEvents = YES;
				INFOPLIST_KEY_UILaunchStoryboardName = LaunchScreen.storyboard;
				INFOPLIST_KEY_UIMainStoryboardFile = Main;
				INFOPLIST_KEY_UISupportedInterfaceOrientations = UIInterfaceOrientationPortrait;
				INFOPLIST_KEY_UISupportedInterfaceOrientations_iPad = "UIInterfaceOrientationLandscapeLeft UIInterfaceOrientationLandscapeRight UIInterfaceOrientationPortrait UIInterfaceOrientationPortraitUpsideDown";
				IPHONEOS_DEPLOYMENT_TARGET = 16.2;
				LD_RUNPATH_SEARCH_PATHS = (
					"$(inherited)",
					"@executable_path/Frameworks",
				);
				MARKETING_VERSION = 1.0;
				PRODUCT_BUNDLE_IDENTIFIER = ru.swiftbook.SwiftBookCafe;
				PRODUCT_NAME = "$(TARGET_NAME)";
				SUPPORTED_PLATFORMS = "iphoneos iphonesimulator";
				SUPPORTS_MACCATALYST = NO;
				SUPPORTS_MAC_DESIGNED_FOR_IPHONE_IPAD = NO;
				SWIFT_EMIT_LOC_STRINGS = YES;
				SWIFT_VERSION = 5.0;
				TARGETED_DEVICE_FAMILY = 1;
			};
			name = Debug;
		};
		F34A800729F927B200AB3D44 /* Release */ = {
			isa = XCBuildConfiguration;
			buildSettings = {
				ASSETCATALOG_COMPILER_APPICON_NAME = AppIcon;
				ASSETCATALOG_COMPILER_GLOBAL_ACCENT_COLOR_NAME = AccentColor;
				CODE_SIGN_STYLE = Automatic;
				CURRENT_PROJECT_VERSION = 1;
				GENERATE_INFOPLIST_FILE = YES;
				INFOPLIST_FILE = SwiftBookCafe/Info.plist;
				INFOPLIST_KEY_UIApplicationSupportsIndirectInputEvents = YES;
				INFOPLIST_KEY_UILaunchStoryboardName = LaunchScreen.storyboard;
				INFOPLIST_KEY_UIMainStoryboardFile = Main;
				"INFOPLIST_KEY_UIMainStoryboardFile[sdk=*]" = LoginScreenStoryboard;
				INFOPLIST_KEY_UISupportedInterfaceOrientations = UIInterfaceOrientationPortrait;
				INFOPLIST_KEY_UISupportedInterfaceOrientations_iPad = "UIInterfaceOrientationLandscapeLeft UIInterfaceOrientationLandscapeRight UIInterfaceOrientationPortrait UIInterfaceOrientationPortraitUpsideDown";
				IPHONEOS_DEPLOYMENT_TARGET = 16.2;
				LD_RUNPATH_SEARCH_PATHS = (
					"$(inherited)",
					"@executable_path/Frameworks",
				);
				MARKETING_VERSION = 1.0;
				PRODUCT_BUNDLE_IDENTIFIER = ru.swiftbook.SwiftBookCafe;
				PRODUCT_NAME = "$(TARGET_NAME)";
				SUPPORTED_PLATFORMS = "iphoneos iphonesimulator";
				SUPPORTS_MACCATALYST = NO;
				SUPPORTS_MAC_DESIGNED_FOR_IPHONE_IPAD = NO;
				SWIFT_EMIT_LOC_STRINGS = YES;
				SWIFT_VERSION = 5.0;
				TARGETED_DEVICE_FAMILY = 1;
			};
			name = Release;
		};
/* End XCBuildConfiguration section */

/* Begin XCConfigurationList section */
		F34A7FEC29F927B000AB3D44 /* Build configuration list for PBXProject "SwiftBookCafe" */ = {
			isa = XCConfigurationList;
			buildConfigurations = (
				F34A800329F927B200AB3D44 /* Debug */,
				F34A800429F927B200AB3D44 /* Release */,
			);
			defaultConfigurationIsVisible = 0;
			defaultConfigurationName = Release;
		};
		F34A800529F927B200AB3D44 /* Build configuration list for PBXNativeTarget "SwiftBookCafe" */ = {
			isa = XCConfigurationList;
			buildConfigurations = (
				F34A800629F927B200AB3D44 /* Debug */,
				F34A800729F927B200AB3D44 /* Release */,
			);
			defaultConfigurationIsVisible = 0;
			defaultConfigurationName = Release;
		};
/* End XCConfigurationList section */
	};
	rootObject = F34A7FE929F927B000AB3D44 /* Project object */;
}
